
Microsoft Visual Studio Solution File, Format Version 12.00
# Visual Studio Version 17
VisualStudioVersion = 17.3.32922.545
MinimumVisualStudioVersion = 10.0.40219.1
Project("{FAE04EC0-301F-11D3-BF4B-00C04F79EFBC}") = "Ex_Task1", "Ex_Task1\Ex_Task1.csproj", "{823F2E0B-D4CD-4772-835B-74C426134A22}"
EndProject
Project("{FAE04EC0-301F-11D3-BF4B-00C04F79EFBC}") = "HW_Task1", "HW_Task1\HW_Task1.csproj", "{FB202968-ED14-41E2-B733-72DA9BCA6F50}"
EndProject
Global
	GlobalSection(SolutionConfigurationPlatforms) = preSolution
		Debug|Any CPU = Debug|Any CPU
		Release|Any CPU = Release|Any CPU
	EndGlobalSection
	GlobalSection(ProjectConfigurationPlatforms) = postSolution
		{823F2E0B-D4CD-4772-835B-74C426134A22}.Debug|Any CPU.ActiveCfg = Debug|Any CPU
		{823F2E0B-D4CD-4772-835B-74C426134A22}.Debug|Any CPU.Build.0 = Debug|Any CPU
		{823F2E0B-D4CD-4772-835B-74C426134A22}.Release|Any CPU.ActiveCfg = Release|Any CPU
		{823F2E0B-D4CD-4772-835B-74C426134A22}.Release|Any CPU.Build.0 = Release|Any CPU
		{FB202968-ED14-41E2-B733-72DA9BCA6F50}.Debug|Any CPU.ActiveCfg = Debug|Any CPU
		{FB202968-ED14-41E2-B733-72DA9BCA6F50}.Debug|Any CPU.Build.0 = Debug|Any CPU
		{FB202968-ED14-41E2-B733-72DA9BCA6F50}.Release|Any CPU.ActiveCfg = Release|Any CPU
		{FB202968-ED14-41E2-B733-72DA9BCA6F50}.Release|Any CPU.Build.0 = Release|Any CPU
	EndGlobalSection
	GlobalSection(SolutionProperties) = preSolution
		HideSolutionNode = FALSE
	EndGlobalSection
	GlobalSection(ExtensibilityGlobals) = postSolution
		SolutionGuid = {73706881-2644-4C46-8454-4A3F94969E94}
	EndGlobalSection
EndGlobal
